
Microsoft Visual Studio Solution File, Format Version 12.00
# Visual Studio 15
VisualStudioVersion = 15.0.28307.757
MinimumVisualStudioVersion = 10.0.40219.1
Project("{FAE04EC0-301F-11D3-BF4B-00C04F79EFBC}") = "UtilisationBranche", "UtilisationBranche\UtilisationBranche.csproj", "{291317C4-C77C-401F-BA46-9C66371337D3}"
EndProject
Global
	GlobalSection(SolutionConfigurationPlatforms) = preSolution
		Debug|Any CPU = Debug|Any CPU
		Release|Any CPU = Release|Any CPU
	EndGlobalSection
	GlobalSection(ProjectConfigurationPlatforms) = postSolution
		{291317C4-C77C-401F-BA46-9C66371337D3}.Debug|Any CPU.ActiveCfg = Debug|Any CPU
		{291317C4-C77C-401F-BA46-9C66371337D3}.Debug|Any CPU.Build.0 = Debug|Any CPU
		{291317C4-C77C-401F-BA46-9C66371337D3}.Release|Any CPU.ActiveCfg = Release|Any CPU
		{291317C4-C77C-401F-BA46-9C66371337D3}.Release|Any CPU.Build.0 = Release|Any CPU
	EndGlobalSection
	GlobalSection(SolutionProperties) = preSolution
		HideSolutionNode = FALSE
	EndGlobalSection
	GlobalSection(ExtensibilityGlobals) = postSolution
		SolutionGuid = {7E744FF7-5310-4E2A-BD36-884B2B84B3BC}
	EndGlobalSection
EndGlobal
